<Solution>
  <Project Path="YubiHsmSharp.BouncyCastle/YubiHsmSharp.BouncyCastle.csproj" />
  <Project Path="YubiHsmSharp.PciPin.Tests/YubiHsmSharp.PciPin.Tests.csproj" />
  <Project Path="YubiHsmSharp.PciPin/YubiHsmSharp.PciPin.csproj" />
  <Project Path="YubiHsmSharp.Tests/YubiHsmSharp.Tests.csproj" />
  <Project Path="YubiHsmSharp/YubiHsmSharp.csproj" />
</Solution>
